// !$*UTF8*$!
{
	archiveVersion = 1;
	classes = {
	};
	objectVersion = 46;
	objects = {

/* Begin PBXBuildFile section */
		736A52301DC83001009CB25E /* kr-video-player-close@2x.png in Resources */ = {isa = PBXBuildFile; fileRef = 736A521D1DC83001009CB25E /* kr-video-player-close@2x.png */; };
		736A52311DC83001009CB25E /* kr-video-player-close@3x.png in Resources */ = {isa = PBXBuildFile; fileRef = 736A521E1DC83001009CB25E /* kr-video-player-close@3x.png */; };
		736A52321DC83001009CB25E /* kr-video-player-fullscreen@2x.png in Resources */ = {isa = PBXBuildFile; fileRef = 736A521F1DC83001009CB25E /* kr-video-player-fullscreen@2x.png */; };
		736A52331DC83001009CB25E /* kr-video-player-fullscreen@3x.png in Resources */ = {isa = PBXBuildFile; fileRef = 736A52201DC83001009CB25E /* kr-video-player-fullscreen@3x.png */; };
		736A52341DC83001009CB25E /* kr-video-player-pause@2x.png in Resources */ = {isa = PBXBuildFile; fileRef = 736A52211DC83001009CB25E /* kr-video-player-pause@2x.png */; };
		736A52351DC83001009CB25E /* kr-video-player-pause@3x.png in Resources */ = {isa = PBXBuildFile; fileRef = 736A52221DC83001009CB25E /* kr-video-player-pause@3x.png */; };
		736A52361DC83001009CB25E /* kr-video-player-play@2x.png in Resources */ = {isa = PBXBuildFile; fileRef = 736A52231DC83001009CB25E /* kr-video-player-play@2x.png */; };
		736A52371DC83001009CB25E /* kr-video-player-play@3x.png in Resources */ = {isa = PBXBuildFile; fileRef = 736A52241DC83001009CB25E /* kr-video-player-play@3x.png */; };
		736A52381DC83001009CB25E /* kr-video-player-point@2x.png in Resources */ = {isa = PBXBuildFile; fileRef = 736A52251DC83001009CB25E /* kr-video-player-point@2x.png */; };
		736A52391DC83001009CB25E /* kr-video-player-point@3x.png in Resources */ = {isa = PBXBuildFile; fileRef = 736A52261DC83001009CB25E /* kr-video-player-point@3x.png */; };
		736A523A1DC83001009CB25E /* kr-video-player-shrinkscreen@2x.png in Resources */ = {isa = PBXBuildFile; fileRef = 736A52271DC83001009CB25E /* kr-video-player-shrinkscreen@2x.png */; };
		736A523B1DC83001009CB25E /* kr-video-player-shrinkscreen@3x.png in Resources */ = {isa = PBXBuildFile; fileRef = 736A52281DC83001009CB25E /* kr-video-player-shrinkscreen@3x.png */; };
		736A523D1DC83001009CB25E /* KRVideoPlayerController.m in Sources */ = {isa = PBXBuildFile; fileRef = 736A522C1DC83001009CB25E /* KRVideoPlayerController.m */; };
		736A523E1DC83001009CB25E /* KRVideoPlayerControlView.m in Sources */ = {isa = PBXBuildFile; fileRef = 736A522E1DC83001009CB25E /* KRVideoPlayerControlView.m */; };
		736A52411DC83653009CB25E /* kr-video-player-left@2x.png in Resources */ = {isa = PBXBuildFile; fileRef = 736A523F1DC83653009CB25E /* kr-video-player-left@2x.png */; };
		736A52421DC83653009CB25E /* kr-video-player-right@2x.png in Resources */ = {isa = PBXBuildFile; fileRef = 736A52401DC83653009CB25E /* kr-video-player-right@2x.png */; };
		BCA862881B10AD3200BD22DA /* main.m in Sources */ = {isa = PBXBuildFile; fileRef = BCA862871B10AD3200BD22DA /* main.m */; };
		BCA8628B1B10AD3200BD22DA /* AppDelegate.m in Sources */ = {isa = PBXBuildFile; fileRef = BCA8628A1B10AD3200BD22DA /* AppDelegate.m */; };
		BCA8628E1B10AD3200BD22DA /* FirstViewController.m in Sources */ = {isa = PBXBuildFile; fileRef = BCA8628D1B10AD3200BD22DA /* FirstViewController.m */; };
		BCA862911B10AD3200BD22DA /* SecondViewController.m in Sources */ = {isa = PBXBuildFile; fileRef = BCA862901B10AD3200BD22DA /* SecondViewController.m */; };
		BCA862941B10AD3200BD22DA /* Main.storyboard in Resources */ = {isa = PBXBuildFile; fileRef = BCA862921B10AD3200BD22DA /* Main.storyboard */; };
		BCA862961B10AD3200BD22DA /* Images.xcassets in Resources */ = {isa = PBXBuildFile; fileRef = BCA862951B10AD3200BD22DA /* Images.xcassets */; };
		BCA862991B10AD3200BD22DA /* LaunchScreen.xib in Resources */ = {isa = PBXBuildFile; fileRef = BCA862971B10AD3200BD22DA /* LaunchScreen.xib */; };
		BCA862A51B10AD3200BD22DA /* KRVideoPlayerTests.m in Sources */ = {isa = PBXBuildFile; fileRef = BCA862A41B10AD3200BD22DA /* KRVideoPlayerTests.m */; };
		BCA862B11B10B5E400BD22DA /* 150511_JiveBike.mov in Resources */ = {isa = PBXBuildFile; fileRef = BCA862B01B10B5E400BD22DA /* 150511_JiveBike.mov */; };
/* End PBXBuildFile section */

/* Begin PBXContainerItemProxy section */
		BCA8629F1B10AD3200BD22DA /* PBXContainerItemProxy */ = {
			isa = PBXContainerItemProxy;
			containerPortal = BCA8627A1B10AD3200BD22DA /* Project object */;
			proxyType = 1;
			remoteGlobalIDString = BCA862811B10AD3200BD22DA;
			remoteInfo = KRVideoPlayer;
		};
/* End PBXContainerItemProxy section */

/* Begin PBXFileReference section */
		736A521D1DC83001009CB25E /* kr-video-player-close@2x.png */ = {isa = PBXFileReference; lastKnownFileType = image.png; path = "kr-video-player-close@2x.png"; sourceTree = "<group>"; };
		736A521E1DC83001009CB25E /* kr-video-player-close@3x.png */ = {isa = PBXFileReference; lastKnownFileType = image.png; path = "kr-video-player-close@3x.png"; sourceTree = "<group>"; };
		736A521F1DC83001009CB25E /* kr-video-player-fullscreen@2x.png */ = {isa = PBXFileReference; lastKnownFileType = image.png; path = "kr-video-player-fullscreen@2x.png"; sourceTree = "<group>"; };
		736A52201DC83001009CB25E /* kr-video-player-fullscreen@3x.png */ = {isa = PBXFileReference; lastKnownFileType = image.png; path = "kr-video-player-fullscreen@3x.png"; sourceTree = "<group>"; };
		736A52211DC83001009CB25E /* kr-video-player-pause@2x.png */ = {isa = PBXFileReference; lastKnownFileType = image.png; path = "kr-video-player-pause@2x.png"; sourceTree = "<group>"; };
		736A52221DC83001009CB25E /* kr-video-player-pause@3x.png */ = {isa = PBXFileReference; lastKnownFileType = image.png; path = "kr-video-player-pause@3x.png"; sourceTree = "<group>"; };
		736A52231DC83001009CB25E /* kr-video-player-play@2x.png */ = {isa = PBXFileReference; lastKnownFileType = image.png; path = "kr-video-player-play@2x.png"; sourceTree = "<group>"; };
		736A52241DC83001009CB25E /* kr-video-player-play@3x.png */ = {isa = PBXFileReference; lastKnownFileType = image.png; path = "kr-video-player-play@3x.png"; sourceTree = "<group>"; };
		736A52251DC83001009CB25E /* kr-video-player-point@2x.png */ = {isa = PBXFileReference; lastKnownFileType = image.png; path = "kr-video-player-point@2x.png"; sourceTree = "<group>"; };
		736A52261DC83001009CB25E /* kr-video-player-point@3x.png */ = {isa = PBXFileReference; lastKnownFileType = image.png; path = "kr-video-player-point@3x.png"; sourceTree = "<group>"; };
		736A52271DC83001009CB25E /* kr-video-player-shrinkscreen@2x.png */ = {isa = PBXFileReference; lastKnownFileType = image.png; path = "kr-video-player-shrinkscreen@2x.png"; sourceTree = "<group>"; };
		736A52281DC83001009CB25E /* kr-video-player-shrinkscreen@3x.png */ = {isa = PBXFileReference; lastKnownFileType = image.png; path = "kr-video-player-shrinkscreen@3x.png"; sourceTree = "<group>"; };
		736A522B1DC83001009CB25E /* KRVideoPlayerController.h */ = {isa = PBXFileReference; fileEncoding = 4; lastKnownFileType = sourcecode.c.h; path = KRVideoPlayerController.h; sourceTree = "<group>"; };
		736A522C1DC83001009CB25E /* KRVideoPlayerController.m */ = {isa = PBXFileReference; fileEncoding = 4; lastKnownFileType = sourcecode.c.objc; path = KRVideoPlayerController.m; sourceTree = "<group>"; };
		736A522D1DC83001009CB25E /* KRVideoPlayerControlView.h */ = {isa = PBXFileReference; fileEncoding = 4; lastKnownFileType = sourcecode.c.h; path = KRVideoPlayerControlView.h; sourceTree = "<group>"; };
		736A522E1DC83001009CB25E /* KRVideoPlayerControlView.m */ = {isa = PBXFileReference; fileEncoding = 4; lastKnownFileType = sourcecode.c.objc; path = KRVideoPlayerControlView.m; sourceTree = "<group>"; };
		736A523F1DC83653009CB25E /* kr-video-player-left@2x.png */ = {isa = PBXFileReference; lastKnownFileType = image.png; path = "kr-video-player-left@2x.png"; sourceTree = "<group>"; };
		736A52401DC83653009CB25E /* kr-video-player-right@2x.png */ = {isa = PBXFileReference; lastKnownFileType = image.png; path = "kr-video-player-right@2x.png"; sourceTree = "<group>"; };
		BCA862821B10AD3200BD22DA /* KRVideoPlayer.app */ = {isa = PBXFileReference; explicitFileType = wrapper.application; includeInIndex = 0; path = KRVideoPlayer.app; sourceTree = BUILT_PRODUCTS_DIR; };
		BCA862861B10AD3200BD22DA /* Info.plist */ = {isa = PBXFileReference; lastKnownFileType = text.plist.xml; path = Info.plist; sourceTree = "<group>"; };
		BCA862871B10AD3200BD22DA /* main.m */ = {isa = PBXFileReference; lastKnownFileType = sourcecode.c.objc; path = main.m; sourceTree = "<group>"; };
		BCA862891B10AD3200BD22DA /* AppDelegate.h */ = {isa = PBXFileReference; lastKnownFileType = sourcecode.c.h; path = AppDelegate.h; sourceTree = "<group>"; };
		BCA8628A1B10AD3200BD22DA /* AppDelegate.m */ = {isa = PBXFileReference; lastKnownFileType = sourcecode.c.objc; path = AppDelegate.m; sourceTree = "<group>"; };
		BCA8628C1B10AD3200BD22DA /* FirstViewController.h */ = {isa = PBXFileReference; lastKnownFileType = sourcecode.c.h; path = FirstViewController.h; sourceTree = "<group>"; };
		BCA8628D1B10AD3200BD22DA /* FirstViewController.m */ = {isa = PBXFileReference; lastKnownFileType = sourcecode.c.objc; path = FirstViewController.m; sourceTree = "<group>"; };
		BCA8628F1B10AD3200BD22DA /* SecondViewController.h */ = {isa = PBXFileReference; lastKnownFileType = sourcecode.c.h; path = SecondViewController.h; sourceTree = "<group>"; };
		BCA862901B10AD3200BD22DA /* SecondViewController.m */ = {isa = PBXFileReference; lastKnownFileType = sourcecode.c.objc; path = SecondViewController.m; sourceTree = "<group>"; };
		BCA862931B10AD3200BD22DA /* Base */ = {isa = PBXFileReference; lastKnownFileType = file.storyboard; name = Base; path = Base.lproj/Main.storyboard; sourceTree = "<group>"; };
		BCA862951B10AD3200BD22DA /* Images.xcassets */ = {isa = PBXFileReference; lastKnownFileType = folder.assetcatalog; path = Images.xcassets; sourceTree = "<group>"; };
		BCA862981B10AD3200BD22DA /* Base */ = {isa = PBXFileReference; lastKnownFileType = file.xib; name = Base; path = Base.lproj/LaunchScreen.xib; sourceTree = "<group>"; };
		BCA8629E1B10AD3200BD22DA /* KRVideoPlayerTests.xctest */ = {isa = PBXFileReference; explicitFileType = wrapper.cfbundle; includeInIndex = 0; path = KRVideoPlayerTests.xctest; sourceTree = BUILT_PRODUCTS_DIR; };
		BCA862A31B10AD3200BD22DA /* Info.plist */ = {isa = PBXFileReference; lastKnownFileType = text.plist.xml; path = Info.plist; sourceTree = "<group>"; };
		BCA862A41B10AD3200BD22DA /* KRVideoPlayerTests.m */ = {isa = PBXFileReference; lastKnownFileType = sourcecode.c.objc; path = KRVideoPlayerTests.m; sourceTree = "<group>"; };
		BCA862B01B10B5E400BD22DA /* 150511_JiveBike.mov */ = {isa = PBXFileReference; lastKnownFileType = video.quicktime; path = 150511_JiveBike.mov; sourceTree = "<group>"; };
/* End PBXFileReference section */

/* Begin PBXFrameworksBuildPhase section */
		BCA8627F1B10AD3200BD22DA /* Frameworks */ = {
			isa = PBXFrameworksBuildPhase;
			buildActionMask = 2147483647;
			files = (
			);
			runOnlyForDeploymentPostprocessing = 0;
		};
		BCA8629B1B10AD3200BD22DA /* Frameworks */ = {
			isa = PBXFrameworksBuildPhase;
			buildActionMask = 2147483647;
			files = (
			);
			runOnlyForDeploymentPostprocessing = 0;
		};
/* End PBXFrameworksBuildPhase section */

/* Begin PBXGroup section */
		1799647DF909AB82D44C7418 /* Frameworks */ = {
			isa = PBXGroup;
			children = (
			);
			name = Frameworks;
			sourceTree = "<group>";
		};
		736A521A1DC83001009CB25E /* Pod */ = {
			isa = PBXGroup;
			children = (
				736A521B1DC83001009CB25E /* Assets */,
				736A52291DC83001009CB25E /* Classes */,
			);
			path = Pod;
			sourceTree = "<group>";
		};
		736A521B1DC83001009CB25E /* Assets */ = {
			isa = PBXGroup;
			children = (
				736A523F1DC83653009CB25E /* kr-video-player-left@2x.png */,
				736A52401DC83653009CB25E /* kr-video-player-right@2x.png */,
				736A521D1DC83001009CB25E /* kr-video-player-close@2x.png */,
				736A521E1DC83001009CB25E /* kr-video-player-close@3x.png */,
				736A521F1DC83001009CB25E /* kr-video-player-fullscreen@2x.png */,
				736A52201DC83001009CB25E /* kr-video-player-fullscreen@3x.png */,
				736A52211DC83001009CB25E /* kr-video-player-pause@2x.png */,
				736A52221DC83001009CB25E /* kr-video-player-pause@3x.png */,
				736A52231DC83001009CB25E /* kr-video-player-play@2x.png */,
				736A52241DC83001009CB25E /* kr-video-player-play@3x.png */,
				736A52251DC83001009CB25E /* kr-video-player-point@2x.png */,
				736A52261DC83001009CB25E /* kr-video-player-point@3x.png */,
				736A52271DC83001009CB25E /* kr-video-player-shrinkscreen@2x.png */,
				736A52281DC83001009CB25E /* kr-video-player-shrinkscreen@3x.png */,
			);
			path = Assets;
			sourceTree = "<group>";
		};
		736A52291DC83001009CB25E /* Classes */ = {
			isa = PBXGroup;
			children = (
				736A522B1DC83001009CB25E /* KRVideoPlayerController.h */,
				736A522C1DC83001009CB25E /* KRVideoPlayerController.m */,
				736A522D1DC83001009CB25E /* KRVideoPlayerControlView.h */,
				736A522E1DC83001009CB25E /* KRVideoPlayerControlView.m */,
			);
			path = Classes;
			sourceTree = "<group>";
		};
		BCA862791B10AD3200BD22DA = {
			isa = PBXGroup;
			children = (
				BCA862841B10AD3200BD22DA /* KRVideoPlayer */,
				BCA862A11B10AD3200BD22DA /* KRVideoPlayerTests */,
				BCA862831B10AD3200BD22DA /* Products */,
				1799647DF909AB82D44C7418 /* Frameworks */,
			);
			sourceTree = "<group>";
		};
		BCA862831B10AD3200BD22DA /* Products */ = {
			isa = PBXGroup;
			children = (
				BCA862821B10AD3200BD22DA /* KRVideoPlayer.app */,
				BCA8629E1B10AD3200BD22DA /* KRVideoPlayerTests.xctest */,
			);
			name = Products;
			sourceTree = "<group>";
		};
		BCA862841B10AD3200BD22DA /* KRVideoPlayer */ = {
			isa = PBXGroup;
			children = (
				736A521A1DC83001009CB25E /* Pod */,
				BCA862891B10AD3200BD22DA /* AppDelegate.h */,
				BCA8628A1B10AD3200BD22DA /* AppDelegate.m */,
				BCA8628C1B10AD3200BD22DA /* FirstViewController.h */,
				BCA8628D1B10AD3200BD22DA /* FirstViewController.m */,
				BCA8628F1B10AD3200BD22DA /* SecondViewController.h */,
				BCA862901B10AD3200BD22DA /* SecondViewController.m */,
				BCA862921B10AD3200BD22DA /* Main.storyboard */,
				BCA862951B10AD3200BD22DA /* Images.xcassets */,
				BCA862971B10AD3200BD22DA /* LaunchScreen.xib */,
				BCA862851B10AD3200BD22DA /* Supporting Files */,
			);
			path = KRVideoPlayer;
			sourceTree = "<group>";
		};
		BCA862851B10AD3200BD22DA /* Supporting Files */ = {
			isa = PBXGroup;
			children = (
				BCA862B01B10B5E400BD22DA /* 150511_JiveBike.mov */,
				BCA862861B10AD3200BD22DA /* Info.plist */,
				BCA862871B10AD3200BD22DA /* main.m */,
			);
			name = "Supporting Files";
			sourceTree = "<group>";
		};
		BCA862A11B10AD3200BD22DA /* KRVideoPlayerTests */ = {
			isa = PBXGroup;
			children = (
				BCA862A41B10AD3200BD22DA /* KRVideoPlayerTests.m */,
				BCA862A21B10AD3200BD22DA /* Supporting Files */,
			);
			path = KRVideoPlayerTests;
			sourceTree = "<group>";
		};
		BCA862A21B10AD3200BD22DA /* Supporting Files */ = {
			isa = PBXGroup;
			children = (
				BCA862A31B10AD3200BD22DA /* Info.plist */,
			);
			name = "Supporting Files";
			sourceTree = "<group>";
		};
/* End PBXGroup section */

/* Begin PBXNativeTarget section */
		BCA862811B10AD3200BD22DA /* KRVideoPlayer */ = {
			isa = PBXNativeTarget;
			buildConfigurationList = BCA862A81B10AD3200BD22DA /* Build configuration list for PBXNativeTarget "KRVideoPlayer" */;
			buildPhases = (
				BCA8627E1B10AD3200BD22DA /* Sources */,
				BCA8627F1B10AD3200BD22DA /* Frameworks */,
				BCA862801B10AD3200BD22DA /* Resources */,
			);
			buildRules = (
			);
			dependencies = (
			);
			name = KRVideoPlayer;
			productName = KRVideoPlayer;
			productReference = BCA862821B10AD3200BD22DA /* KRVideoPlayer.app */;
			productType = "com.apple.product-type.application";
		};
		BCA8629D1B10AD3200BD22DA /* KRVideoPlayerTests */ = {
			isa = PBXNativeTarget;
			buildConfigurationList = BCA862AB1B10AD3200BD22DA /* Build configuration list for PBXNativeTarget "KRVideoPlayerTests" */;
			buildPhases = (
				BCA8629A1B10AD3200BD22DA /* Sources */,
				BCA8629B1B10AD3200BD22DA /* Frameworks */,
				BCA8629C1B10AD3200BD22DA /* Resources */,
			);
			buildRules = (
			);
			dependencies = (
				BCA862A01B10AD3200BD22DA /* PBXTargetDependency */,
			);
			name = KRVideoPlayerTests;
			productName = KRVideoPlayerTests;
			productReference = BCA8629E1B10AD3200BD22DA /* KRVideoPlayerTests.xctest */;
			productType = "com.apple.product-type.bundle.unit-test";
		};
/* End PBXNativeTarget section */

/* Begin PBXProject section */
		BCA8627A1B10AD3200BD22DA /* Project object */ = {
			isa = PBXProject;
			attributes = {
				LastUpgradeCheck = 0630;
				ORGANIZATIONNAME = 36kr;
				TargetAttributes = {
					BCA862811B10AD3200BD22DA = {
						CreatedOnToolsVersion = 6.3.1;
					};
					BCA8629D1B10AD3200BD22DA = {
						CreatedOnToolsVersion = 6.3.1;
						TestTargetID = BCA862811B10AD3200BD22DA;
					};
				};
			};
			buildConfigurationList = BCA8627D1B10AD3200BD22DA /* Build configuration list for PBXProject "KRVideoPlayer" */;
			compatibilityVersion = "Xcode 3.2";
			developmentRegion = English;
			hasScannedForEncodings = 0;
			knownRegions = (
				en,
				Base,
			);
			mainGroup = BCA862791B10AD3200BD22DA;
			productRefGroup = BCA862831B10AD3200BD22DA /* Products */;
			projectDirPath = "";
			projectRoot = "";
			targets = (
				BCA862811B10AD3200BD22DA /* KRVideoPlayer */,
				BCA8629D1B10AD3200BD22DA /* KRVideoPlayerTests */,
			);
		};
/* End PBXProject section */

/* Begin PBXResourcesBuildPhase section */
		BCA862801B10AD3200BD22DA /* Resources */ = {
			isa = PBXResourcesBuildPhase;
			buildActionMask = 2147483647;
			files = (
				BCA862B11B10B5E400BD22DA /* 150511_JiveBike.mov in Resources */,
				736A52331DC83001009CB25E /* kr-video-player-fullscreen@3x.png in Resources */,
				736A52361DC83001009CB25E /* kr-video-player-play@2x.png in Resources */,
				736A52421DC83653009CB25E /* kr-video-player-right@2x.png in Resources */,
				736A52301DC83001009CB25E /* kr-video-player-close@2x.png in Resources */,
				BCA862941B10AD3200BD22DA /* Main.storyboard in Resources */,
				736A52391DC83001009CB25E /* kr-video-player-point@3x.png in Resources */,
				736A523B1DC83001009CB25E /* kr-video-player-shrinkscreen@3x.png in Resources */,
				736A52321DC83001009CB25E /* kr-video-player-fullscreen@2x.png in Resources */,
				736A52411DC83653009CB25E /* kr-video-player-left@2x.png in Resources */,
				736A52311DC83001009CB25E /* kr-video-player-close@3x.png in Resources */,
				BCA862991B10AD3200BD22DA /* LaunchScreen.xib in Resources */,
				BCA862961B10AD3200BD22DA /* Images.xcassets in Resources */,
				736A52351DC83001009CB25E /* kr-video-player-pause@3x.png in Resources */,
				736A52381DC83001009CB25E /* kr-video-player-point@2x.png in Resources */,
				736A52371DC83001009CB25E /* kr-video-player-play@3x.png in Resources */,
				736A52341DC83001009CB25E /* kr-video-player-pause@2x.png in Resources */,
				736A523A1DC83001009CB25E /* kr-video-player-shrinkscreen@2x.png in Resources */,
			);
			runOnlyForDeploymentPostprocessing = 0;
		};
		BCA8629C1B10AD3200BD22DA /* Resources */ = {
			isa = PBXResourcesBuildPhase;
			buildActionMask = 2147483647;
			files = (
			);
			runOnlyForDeploymentPostprocessing = 0;
		};
/* End PBXResourcesBuildPhase section */

/* Begin PBXSourcesBuildPhase section */
		BCA8627E1B10AD3200BD22DA /* Sources */ = {
			isa = PBXSourcesBuildPhase;
			buildActionMask = 2147483647;
			files = (
				736A523E1DC83001009CB25E /* KRVideoPlayerControlView.m in Sources */,
				BCA862911B10AD3200BD22DA /* SecondViewController.m in Sources */,
				BCA8628B1B10AD3200BD22DA /* AppDelegate.m in Sources */,
				BCA8628E1B10AD3200BD22DA /* FirstViewController.m in Sources */,
				736A523D1DC83001009CB25E /* KRVideoPlayerController.m in Sources */,
				BCA862881B10AD3200BD22DA /* main.m in Sources */,
			);
			runOnlyForDeploymentPostprocessing = 0;
		};
		BCA8629A1B10AD3200BD22DA /* Sources */ = {
			isa = PBXSourcesBuildPhase;
			buildActionMask = 2147483647;
			files = (
				BCA862A51B10AD3200BD22DA /* KRVideoPlayerTests.m in Sources */,
			);
			runOnlyForDeploymentPostprocessing = 0;
		};
/* End PBXSourcesBuildPhase section */

/* Begin PBXTargetDependency section */
		BCA862A01B10AD3200BD22DA /* PBXTargetDependency */ = {
			isa = PBXTargetDependency;
			target = BCA862811B10AD3200BD22DA /* KRVideoPlayer */;
			targetProxy = BCA8629F1B10AD3200BD22DA /* PBXContainerItemProxy */;
		};
/* End PBXTargetDependency section */

/* Begin PBXVariantGroup section */
		BCA862921B10AD3200BD22DA /* Main.storyboard */ = {
			isa = PBXVariantGroup;
			children = (
				BCA862931B10AD3200BD22DA /* Base */,
			);
			name = Main.storyboard;
			sourceTree = "<group>";
		};
		BCA862971B10AD3200BD22DA /* LaunchScreen.xib */ = {
			isa = PBXVariantGroup;
			children = (
				BCA862981B10AD3200BD22DA /* Base */,
			);
			name = LaunchScreen.xib;
			sourceTree = "<group>";
		};
/* End PBXVariantGroup section */

/* Begin XCBuildConfiguration section */
		BCA862A61B10AD3200BD22DA /* Debug */ = {
			isa = XCBuildConfiguration;
			buildSettings = {
				ALWAYS_SEARCH_USER_PATHS = NO;
				CLANG_CXX_LANGUAGE_STANDARD = "gnu++0x";
				CLANG_CXX_LIBRARY = "libc++";
				CLANG_ENABLE_MODULES = YES;
				CLANG_ENABLE_OBJC_ARC = YES;
				CLANG_WARN_BOOL_CONVERSION = YES;
				CLANG_WARN_CONSTANT_CONVERSION = YES;
				CLANG_WARN_DIRECT_OBJC_ISA_USAGE = YES_ERROR;
				CLANG_WARN_EMPTY_BODY = YES;
				CLANG_WARN_ENUM_CONVERSION = YES;
				CLANG_WARN_INT_CONVERSION = YES;
				CLANG_WARN_OBJC_ROOT_CLASS = YES_ERROR;
				CLANG_WARN_UNREACHABLE_CODE = YES;
				CLANG_WARN__DUPLICATE_METHOD_MATCH = YES;
				"CODE_SIGN_IDENTITY[sdk=iphoneos*]" = "iPhone Developer";
				COPY_PHASE_STRIP = NO;
				DEBUG_INFORMATION_FORMAT = "dwarf-with-dsym";
				ENABLE_STRICT_OBJC_MSGSEND = YES;
				GCC_C_LANGUAGE_STANDARD = gnu99;
				GCC_DYNAMIC_NO_PIC = NO;
				GCC_NO_COMMON_BLOCKS = YES;
				GCC_OPTIMIZATION_LEVEL = 0;
				GCC_PREPROCESSOR_DEFINITIONS = (
					"DEBUG=1",
					"$(inherited)",
				);
				GCC_SYMBOLS_PRIVATE_EXTERN = NO;
				GCC_WARN_64_TO_32_BIT_CONVERSION = YES;
				GCC_WARN_ABOUT_RETURN_TYPE = YES_ERROR;
				GCC_WARN_UNDECLARED_SELECTOR = YES;
				GCC_WARN_UNINITIALIZED_AUTOS = YES_AGGRESSIVE;
				GCC_WARN_UNUSED_FUNCTION = YES;
				GCC_WARN_UNUSED_VARIABLE = YES;
				IPHONEOS_DEPLOYMENT_TARGET = 8.3;
				MTL_ENABLE_DEBUG_INFO = YES;
				ONLY_ACTIVE_ARCH = YES;
				SDKROOT = iphoneos;
				TARGETED_DEVICE_FAMILY = "1,2";
			};
			name = Debug;
		};
		BCA862A71B10AD3200BD22DA /* Release */ = {
			isa = XCBuildConfiguration;
			buildSettings = {
				ALWAYS_SEARCH_USER_PATHS = NO;
				CLANG_CXX_LANGUAGE_STANDARD = "gnu++0x";
				CLANG_CXX_LIBRARY = "libc++";
				CLANG_ENABLE_MODULES = YES;
				CLANG_ENABLE_OBJC_ARC = YES;
				CLANG_WARN_BOOL_CONVERSION = YES;
				CLANG_WARN_CONSTANT_CONVERSION = YES;
				CLANG_WARN_DIRECT_OBJC_ISA_USAGE = YES_ERROR;
				CLANG_WARN_EMPTY_BODY = YES;
				CLANG_WARN_ENUM_CONVERSION = YES;
				CLANG_WARN_INT_CONVERSION = YES;
				CLANG_WARN_OBJC_ROOT_CLASS = YES_ERROR;
				CLANG_WARN_UNREACHABLE_CODE = YES;
				CLANG_WARN__DUPLICATE_METHOD_MATCH = YES;
				"CODE_SIGN_IDENTITY[sdk=iphoneos*]" = "iPhone Developer";
				COPY_PHASE_STRIP = NO;
				DEBUG_INFORMATION_FORMAT = "dwarf-with-dsym";
				ENABLE_NS_ASSERTIONS = NO;
				ENABLE_STRICT_OBJC_MSGSEND = YES;
				GCC_C_LANGUAGE_STANDARD = gnu99;
				GCC_NO_COMMON_BLOCKS = YES;
				GCC_WARN_64_TO_32_BIT_CONVERSION = YES;
				GCC_WARN_ABOUT_RETURN_TYPE = YES_ERROR;
				GCC_WARN_UNDECLARED_SELECTOR = YES;
				GCC_WARN_UNINITIALIZED_AUTOS = YES_AGGRESSIVE;
				GCC_WARN_UNUSED_FUNCTION = YES;
				GCC_WARN_UNUSED_VARIABLE = YES;
				IPHONEOS_DEPLOYMENT_TARGET = 8.3;
				MTL_ENABLE_DEBUG_INFO = NO;
				SDKROOT = iphoneos;
				TARGETED_DEVICE_FAMILY = "1,2";
				VALIDATE_PRODUCT = YES;
			};
			name = Release;
		};
		BCA862A91B10AD3200BD22DA /* Debug */ = {
			isa = XCBuildConfiguration;
			buildSettings = {
				ASSETCATALOG_COMPILER_APPICON_NAME = AppIcon;
				INFOPLIST_FILE = KRVideoPlayer/Info.plist;
				IPHONEOS_DEPLOYMENT_TARGET = 9.0;
				LD_RUNPATH_SEARCH_PATHS = "$(inherited) @executable_path/Frameworks";
				PRODUCT_NAME = "$(TARGET_NAME)";
			};
			name = Debug;
		};
		BCA862AA1B10AD3200BD22DA /* Release */ = {
			isa = XCBuildConfiguration;
			buildSettings = {
				ASSETCATALOG_COMPILER_APPICON_NAME = AppIcon;
				INFOPLIST_FILE = KRVideoPlayer/Info.plist;
				IPHONEOS_DEPLOYMENT_TARGET = 9.0;
				LD_RUNPATH_SEARCH_PATHS = "$(inherited) @executable_path/Frameworks";
				PRODUCT_NAME = "$(TARGET_NAME)";
			};
			name = Release;
		};
		BCA862AC1B10AD3200BD22DA /* Debug */ = {
			isa = XCBuildConfiguration;
			buildSettings = {
				BUNDLE_LOADER = "$(TEST_HOST)";
				FRAMEWORK_SEARCH_PATHS = (
					"$(SDKROOT)/Developer/Library/Frameworks",
					"$(inherited)",
				);
				GCC_PREPROCESSOR_DEFINITIONS = (
					"DEBUG=1",
					"$(inherited)",
				);
				INFOPLIST_FILE = KRVideoPlayerTests/Info.plist;
				LD_RUNPATH_SEARCH_PATHS = "$(inherited) @executable_path/Frameworks @loader_path/Frameworks";
				PRODUCT_NAME = "$(TARGET_NAME)";
				TEST_HOST = "$(BUILT_PRODUCTS_DIR)/KRVideoPlayer.app/KRVideoPlayer";
			};
			name = Debug;
		};
		BCA862AD1B10AD3200BD22DA /* Release */ = {
			isa = XCBuildConfiguration;
			buildSettings = {
				BUNDLE_LOADER = "$(TEST_HOST)";
				FRAMEWORK_SEARCH_PATHS = (
					"$(SDKROOT)/Developer/Library/Frameworks",
					"$(inherited)",
				);
				INFOPLIST_FILE = KRVideoPlayerTests/Info.plist;
				LD_RUNPATH_SEARCH_PATHS = "$(inherited) @executable_path/Frameworks @loader_path/Frameworks";
				PRODUCT_NAME = "$(TARGET_NAME)";
				TEST_HOST = "$(BUILT_PRODUCTS_DIR)/KRVideoPlayer.app/KRVideoPlayer";
			};
			name = Release;
		};
/* End XCBuildConfiguration section */

/* Begin XCConfigurationList section */
		BCA8627D1B10AD3200BD22DA /* Build configuration list for PBXProject "KRVideoPlayer" */ = {
			isa = XCConfigurationList;
			buildConfigurations = (
				BCA862A61B10AD3200BD22DA /* Debug */,
				BCA862A71B10AD3200BD22DA /* Release */,
			);
			defaultConfigurationIsVisible = 0;
			defaultConfigurationName = Release;
		};
		BCA862A81B10AD3200BD22DA /* Build configuration list for PBXNativeTarget "KRVideoPlayer" */ = {
			isa = XCConfigurationList;
			buildConfigurations = (
				BCA862A91B10AD3200BD22DA /* Debug */,
				BCA862AA1B10AD3200BD22DA /* Release */,
			);
			defaultConfigurationIsVisible = 0;
			defaultConfigurationName = Release;
		};
		BCA862AB1B10AD3200BD22DA /* Build configuration list for PBXNativeTarget "KRVideoPlayerTests" */ = {
			isa = XCConfigurationList;
			buildConfigurations = (
				BCA862AC1B10AD3200BD22DA /* Debug */,
				BCA862AD1B10AD3200BD22DA /* Release */,
			);
			defaultConfigurationIsVisible = 0;
			defaultConfigurationName = Release;
		};
/* End XCConfigurationList section */
	};
	rootObject = BCA8627A1B10AD3200BD22DA /* Project object */;
}
